
Microsoft Visual Studio Solution File, Format Version 12.00
# Visual Studio Version 17
VisualStudioVersion = 17.11.35222.181
MinimumVisualStudioVersion = 10.0.40219.1
Project("{FAE04EC0-301F-11D3-BF4B-00C04F79EFBC}") = "estoque", "estoque\estoque.csproj", "{C79CFA71-1A43-4B49-A9B0-536C6BCCF04A}"
EndProject
Global
	GlobalSection(SolutionConfigurationPlatforms) = preSolution
		Debug|Any CPU = Debug|Any CPU
		Release|Any CPU = Release|Any CPU
	EndGlobalSection
	GlobalSection(ProjectConfigurationPlatforms) = postSolution
		{C79CFA71-1A43-4B49-A9B0-536C6BCCF04A}.Debug|Any CPU.ActiveCfg = Debug|Any CPU
		{C79CFA71-1A43-4B49-A9B0-536C6BCCF04A}.Debug|Any CPU.Build.0 = Debug|Any CPU
		{C79CFA71-1A43-4B49-A9B0-536C6BCCF04A}.Release|Any CPU.ActiveCfg = Release|Any CPU
		{C79CFA71-1A43-4B49-A9B0-536C6BCCF04A}.Release|Any CPU.Build.0 = Release|Any CPU
	EndGlobalSection
	GlobalSection(SolutionProperties) = preSolution
		HideSolutionNode = FALSE
	EndGlobalSection
	GlobalSection(ExtensibilityGlobals) = postSolution
		SolutionGuid = {55B81D95-76DA-41AC-AFD5-DCBDB4D9E3B7}
	EndGlobalSection
EndGlobal
